
Microsoft Visual Studio Solution File, Format Version 12.00
# Visual Studio 15
VisualStudioVersion = 15.0.27703.2000
MinimumVisualStudioVersion = 10.0.40219.1
Project("{FAE04EC0-301F-11D3-BF4B-00C04F79EFBC}") = "todoList", "todoList\todoList.csproj", "{E048024F-7453-41DF-BF5A-DE19AA9D75F1}"
EndProject
Project("{FAE04EC0-301F-11D3-BF4B-00C04F79EFBC}") = "todoList.Tests", "todoList.Tests\todoList.Tests.csproj", "{B27B8628-C6F4-4997-BEE0-0F979B64256E}"
EndProject
Global
	GlobalSection(SolutionConfigurationPlatforms) = preSolution
		Debug|Any CPU = Debug|Any CPU
		Release|Any CPU = Release|Any CPU
	EndGlobalSection
	GlobalSection(ProjectConfigurationPlatforms) = postSolution
		{E048024F-7453-41DF-BF5A-DE19AA9D75F1}.Debug|Any CPU.ActiveCfg = Debug|Any CPU
		{E048024F-7453-41DF-BF5A-DE19AA9D75F1}.Debug|Any CPU.Build.0 = Debug|Any CPU
		{E048024F-7453-41DF-BF5A-DE19AA9D75F1}.Release|Any CPU.ActiveCfg = Release|Any CPU
		{E048024F-7453-41DF-BF5A-DE19AA9D75F1}.Release|Any CPU.Build.0 = Release|Any CPU
		{B27B8628-C6F4-4997-BEE0-0F979B64256E}.Debug|Any CPU.ActiveCfg = Debug|Any CPU
		{B27B8628-C6F4-4997-BEE0-0F979B64256E}.Debug|Any CPU.Build.0 = Debug|Any CPU
		{B27B8628-C6F4-4997-BEE0-0F979B64256E}.Release|Any CPU.ActiveCfg = Release|Any CPU
		{B27B8628-C6F4-4997-BEE0-0F979B64256E}.Release|Any CPU.Build.0 = Release|Any CPU
	EndGlobalSection
	GlobalSection(SolutionProperties) = preSolution
		HideSolutionNode = FALSE
	EndGlobalSection
	GlobalSection(ExtensibilityGlobals) = postSolution
		SolutionGuid = {AA1A492F-0033-48AE-8FCD-7B2E3194C408}
	EndGlobalSection
EndGlobal
